
Microsoft Visual Studio Solution File, Format Version 12.00
# Visual Studio 15
VisualStudioVersion = 15.0.28307.852
MinimumVisualStudioVersion = 10.0.40219.1
Project("{FAE04EC0-301F-11D3-BF4B-00C04F79EFBC}") = "GameProject", "GameProject\GameProject.csproj", "{D760F737-5C09-44DA-9C10-59F682DD8067}"
EndProject
Global
	GlobalSection(SolutionConfigurationPlatforms) = preSolution
		Debug|Any CPU = Debug|Any CPU
		Release|Any CPU = Release|Any CPU
	EndGlobalSection
	GlobalSection(ProjectConfigurationPlatforms) = postSolution
		{D760F737-5C09-44DA-9C10-59F682DD8067}.Debug|Any CPU.ActiveCfg = Debug|Any CPU
		{D760F737-5C09-44DA-9C10-59F682DD8067}.Debug|Any CPU.Build.0 = Debug|Any CPU
		{D760F737-5C09-44DA-9C10-59F682DD8067}.Release|Any CPU.ActiveCfg = Release|Any CPU
		{D760F737-5C09-44DA-9C10-59F682DD8067}.Release|Any CPU.Build.0 = Release|Any CPU
	EndGlobalSection
	GlobalSection(SolutionProperties) = preSolution
		HideSolutionNode = FALSE
	EndGlobalSection
	GlobalSection(ExtensibilityGlobals) = postSolution
		SolutionGuid = {2D6329CC-C740-4DF4-B6A6-4A2612F2831E}
	EndGlobalSection
EndGlobal
